
Microsoft Visual Studio Solution File, Format Version 12.00
# Visual Studio Version 17
VisualStudioVersion = 17.2.32616.157
MinimumVisualStudioVersion = 10.0.40219.1
Project("{FAE04EC0-301F-11D3-BF4B-00C04F79EFBC}") = "FIFAxAPI", "FIFAxAPI.csproj", "{4ECDB66C-F1E3-4168-A1B6-4EADF894C018}"
EndProject
Global
	GlobalSection(SolutionConfigurationPlatforms) = preSolution
		Debug|Any CPU = Debug|Any CPU
		Release|Any CPU = Release|Any CPU
	EndGlobalSection
	GlobalSection(ProjectConfigurationPlatforms) = postSolution
		{4ECDB66C-F1E3-4168-A1B6-4EADF894C018}.Debug|Any CPU.ActiveCfg = Debug|Any CPU
		{4ECDB66C-F1E3-4168-A1B6-4EADF894C018}.Debug|Any CPU.Build.0 = Debug|Any CPU
		{4ECDB66C-F1E3-4168-A1B6-4EADF894C018}.Release|Any CPU.ActiveCfg = Release|Any CPU
		{4ECDB66C-F1E3-4168-A1B6-4EADF894C018}.Release|Any CPU.Build.0 = Release|Any CPU
	EndGlobalSection
	GlobalSection(SolutionProperties) = preSolution
		HideSolutionNode = FALSE
	EndGlobalSection
	GlobalSection(ExtensibilityGlobals) = postSolution
		SolutionGuid = {80FB6420-E9A2-4300-828F-7FA0461CD2DB}
	EndGlobalSection
EndGlobal
